
Microsoft Visual Studio Solution File, Format Version 12.00
# Visual Studio Version 17
VisualStudioVersion = 17.3.32922.545
MinimumVisualStudioVersion = 10.0.40219.1
Project("{9A19103F-16F7-4668-BE54-9A1E7A4F7556}") = "DogsHouseWebAPI", "DogsHouseWebAPI\DogsHouseWebAPI.csproj", "{21DD87F5-E3F8-417F-801F-581E8001161C}"
EndProject
Project("{9A19103F-16F7-4668-BE54-9A1E7A4F7556}") = "Entities", "Entities\Entities.csproj", "{B13F2AF0-5CD8-4D39-8CAE-023B3B43A3E3}"
EndProject
Project("{9A19103F-16F7-4668-BE54-9A1E7A4F7556}") = "Contracts", "Contracts\Contracts.csproj", "{85389BF9-AD44-4ACA-BD47-7D50AF0F3742}"
EndProject
Project("{9A19103F-16F7-4668-BE54-9A1E7A4F7556}") = "Repository", "Repository\Repository.csproj", "{A69B2ED2-4051-4D53-987E-F28A4AF3F778}"
EndProject
Project("{FAE04EC0-301F-11D3-BF4B-00C04F79EFBC}") = "DogsHouseWebAPIUnitTests", "DogsHouseWebAPIUnitTests\DogsHouseWebAPIUnitTests.csproj", "{1736C781-DB19-4403-938C-C891AD21AFF9}"
EndProject
Global
	GlobalSection(SolutionConfigurationPlatforms) = preSolution
		Debug|Any CPU = Debug|Any CPU
		Release|Any CPU = Release|Any CPU
	EndGlobalSection
	GlobalSection(ProjectConfigurationPlatforms) = postSolution
		{21DD87F5-E3F8-417F-801F-581E8001161C}.Debug|Any CPU.ActiveCfg = Debug|Any CPU
		{21DD87F5-E3F8-417F-801F-581E8001161C}.Debug|Any CPU.Build.0 = Debug|Any CPU
		{21DD87F5-E3F8-417F-801F-581E8001161C}.Release|Any CPU.ActiveCfg = Release|Any CPU
		{21DD87F5-E3F8-417F-801F-581E8001161C}.Release|Any CPU.Build.0 = Release|Any CPU
		{B13F2AF0-5CD8-4D39-8CAE-023B3B43A3E3}.Debug|Any CPU.ActiveCfg = Debug|Any CPU
		{B13F2AF0-5CD8-4D39-8CAE-023B3B43A3E3}.Debug|Any CPU.Build.0 = Debug|Any CPU
		{B13F2AF0-5CD8-4D39-8CAE-023B3B43A3E3}.Release|Any CPU.ActiveCfg = Release|Any CPU
		{B13F2AF0-5CD8-4D39-8CAE-023B3B43A3E3}.Release|Any CPU.Build.0 = Release|Any CPU
		{85389BF9-AD44-4ACA-BD47-7D50AF0F3742}.Debug|Any CPU.ActiveCfg = Debug|Any CPU
		{85389BF9-AD44-4ACA-BD47-7D50AF0F3742}.Debug|Any CPU.Build.0 = Debug|Any CPU
		{85389BF9-AD44-4ACA-BD47-7D50AF0F3742}.Release|Any CPU.ActiveCfg = Release|Any CPU
		{85389BF9-AD44-4ACA-BD47-7D50AF0F3742}.Release|Any CPU.Build.0 = Release|Any CPU
		{A69B2ED2-4051-4D53-987E-F28A4AF3F778}.Debug|Any CPU.ActiveCfg = Debug|Any CPU
		{A69B2ED2-4051-4D53-987E-F28A4AF3F778}.Debug|Any CPU.Build.0 = Debug|Any CPU
		{A69B2ED2-4051-4D53-987E-F28A4AF3F778}.Release|Any CPU.ActiveCfg = Release|Any CPU
		{A69B2ED2-4051-4D53-987E-F28A4AF3F778}.Release|Any CPU.Build.0 = Release|Any CPU
		{1736C781-DB19-4403-938C-C891AD21AFF9}.Debug|Any CPU.ActiveCfg = Debug|Any CPU
		{1736C781-DB19-4403-938C-C891AD21AFF9}.Debug|Any CPU.Build.0 = Debug|Any CPU
		{1736C781-DB19-4403-938C-C891AD21AFF9}.Release|Any CPU.ActiveCfg = Release|Any CPU
		{1736C781-DB19-4403-938C-C891AD21AFF9}.Release|Any CPU.Build.0 = Release|Any CPU
	EndGlobalSection
	GlobalSection(SolutionProperties) = preSolution
		HideSolutionNode = FALSE
	EndGlobalSection
	GlobalSection(ExtensibilityGlobals) = postSolution
		SolutionGuid = {2348B816-AA8B-4E61-9349-A9553A7518D3}
	EndGlobalSection
EndGlobal
